
Microsoft Visual Studio Solution File, Format Version 12.00
# Visual Studio 14
VisualStudioVersion = 14.0.23107.0
MinimumVisualStudioVersion = 10.0.40219.1
Project("{FAE04EC0-301F-11D3-BF4B-00C04F79EFBC}") = "MNIT-Communication", "MNIT-Communication\MNIT-Communication.csproj", "{BF7233B0-B97D-4E74-A404-0C6D1202F5A3}"
EndProject
Project("{FAE04EC0-301F-11D3-BF4B-00C04F79EFBC}") = "MNIT-Communication.Domain", "MNIT-Communication.Domain\MNIT-Communication.Domain.csproj", "{A5151BC9-17E1-4D4F-93D4-7BE7F7F5C232}"
EndProject
Project("{FAE04EC0-301F-11D3-BF4B-00C04F79EFBC}") = "MNIT-Communication.Services", "MNIT-Communication.Services\MNIT-Communication.Services.csproj", "{A9CEE932-5056-4E49-BC1A-790D8C032132}"
EndProject
Project("{FAE04EC0-301F-11D3-BF4B-00C04F79EFBC}") = "MNIT-Communication.Tests", "MNIT-Communication.Tests\MNIT-Communication.Tests.csproj", "{89DEAB0A-2CA4-4396-9722-5EF200EDF9D0}"
EndProject
Project("{FAE04EC0-301F-11D3-BF4B-00C04F79EFBC}") = "NewUserRegistration", "NewUserRegistration\NewUserRegistration.csproj", "{DFD4D50C-7F13-43FD-8788-DD89D0DE5CFB}"
EndProject
Project("{FAE04EC0-301F-11D3-BF4B-00C04F79EFBC}") = "VerifyMobileNumberJob", "VerifyMobileNumberJob\VerifyMobileNumberJob.csproj", "{3FD7C1FE-0851-46B9-8D30-2F8EA4B9E30A}"
EndProject
Project("{FAE04EC0-301F-11D3-BF4B-00C04F79EFBC}") = "AlertUserViaSmsJob", "AlertUserViaSms\AlertUserViaSmsJob.csproj", "{26FA24B5-1B66-4048-BD18-50DF7473DA12}"
EndProject
Project("{FAE04EC0-301F-11D3-BF4B-00C04F79EFBC}") = "AlertUserViaExternalEmailJob", "AlertUserViaExternalEmailJob\AlertUserViaExternalEmailJob.csproj", "{31F79284-8DA9-48B6-B2BF-8AE1DF6620B9}"
EndProject
Project("{FAE04EC0-301F-11D3-BF4B-00C04F79EFBC}") = "MNIT-Communication.Hubs", "MNIT-Communication.Hubs\MNIT-Communication.Hubs.csproj", "{276EB873-AFCA-4AAA-B16A-286C5CAE1AE8}"
EndProject
Project("{2150E333-8FDC-42A3-9474-1A3956D46DE8}") = "Solution Items", "Solution Items", "{605D9BE5-00D9-42D3-8B91-E27C96D51680}"
EndProject
Global
	GlobalSection(SolutionConfigurationPlatforms) = preSolution
		Debug|Any CPU = Debug|Any CPU
		Release|Any CPU = Release|Any CPU
	EndGlobalSection
	GlobalSection(ProjectConfigurationPlatforms) = postSolution
		{BF7233B0-B97D-4E74-A404-0C6D1202F5A3}.Debug|Any CPU.ActiveCfg = Debug|Any CPU
		{BF7233B0-B97D-4E74-A404-0C6D1202F5A3}.Debug|Any CPU.Build.0 = Debug|Any CPU
		{BF7233B0-B97D-4E74-A404-0C6D1202F5A3}.Release|Any CPU.ActiveCfg = Release|Any CPU
		{BF7233B0-B97D-4E74-A404-0C6D1202F5A3}.Release|Any CPU.Build.0 = Release|Any CPU
		{A5151BC9-17E1-4D4F-93D4-7BE7F7F5C232}.Debug|Any CPU.ActiveCfg = Debug|Any CPU
		{A5151BC9-17E1-4D4F-93D4-7BE7F7F5C232}.Debug|Any CPU.Build.0 = Debug|Any CPU
		{A5151BC9-17E1-4D4F-93D4-7BE7F7F5C232}.Release|Any CPU.ActiveCfg = Release|Any CPU
		{A5151BC9-17E1-4D4F-93D4-7BE7F7F5C232}.Release|Any CPU.Build.0 = Release|Any CPU
		{A9CEE932-5056-4E49-BC1A-790D8C032132}.Debug|Any CPU.ActiveCfg = Debug|Any CPU
		{A9CEE932-5056-4E49-BC1A-790D8C032132}.Debug|Any CPU.Build.0 = Debug|Any CPU
		{A9CEE932-5056-4E49-BC1A-790D8C032132}.Release|Any CPU.ActiveCfg = Release|Any CPU
		{A9CEE932-5056-4E49-BC1A-790D8C032132}.Release|Any CPU.Build.0 = Release|Any CPU
		{89DEAB0A-2CA4-4396-9722-5EF200EDF9D0}.Debug|Any CPU.ActiveCfg = Debug|Any CPU
		{89DEAB0A-2CA4-4396-9722-5EF200EDF9D0}.Debug|Any CPU.Build.0 = Debug|Any CPU
		{89DEAB0A-2CA4-4396-9722-5EF200EDF9D0}.Release|Any CPU.ActiveCfg = Release|Any CPU
		{89DEAB0A-2CA4-4396-9722-5EF200EDF9D0}.Release|Any CPU.Build.0 = Release|Any CPU
		{DFD4D50C-7F13-43FD-8788-DD89D0DE5CFB}.Debug|Any CPU.ActiveCfg = Debug|Any CPU
		{DFD4D50C-7F13-43FD-8788-DD89D0DE5CFB}.Debug|Any CPU.Build.0 = Debug|Any CPU
		{DFD4D50C-7F13-43FD-8788-DD89D0DE5CFB}.Release|Any CPU.ActiveCfg = Release|Any CPU
		{DFD4D50C-7F13-43FD-8788-DD89D0DE5CFB}.Release|Any CPU.Build.0 = Release|Any CPU
		{3FD7C1FE-0851-46B9-8D30-2F8EA4B9E30A}.Debug|Any CPU.ActiveCfg = Debug|Any CPU
		{3FD7C1FE-0851-46B9-8D30-2F8EA4B9E30A}.Debug|Any CPU.Build.0 = Debug|Any CPU
		{3FD7C1FE-0851-46B9-8D30-2F8EA4B9E30A}.Release|Any CPU.ActiveCfg = Release|Any CPU
		{3FD7C1FE-0851-46B9-8D30-2F8EA4B9E30A}.Release|Any CPU.Build.0 = Release|Any CPU
		{26FA24B5-1B66-4048-BD18-50DF7473DA12}.Debug|Any CPU.ActiveCfg = Debug|Any CPU
		{26FA24B5-1B66-4048-BD18-50DF7473DA12}.Debug|Any CPU.Build.0 = Debug|Any CPU
		{26FA24B5-1B66-4048-BD18-50DF7473DA12}.Release|Any CPU.ActiveCfg = Release|Any CPU
		{26FA24B5-1B66-4048-BD18-50DF7473DA12}.Release|Any CPU.Build.0 = Release|Any CPU
		{31F79284-8DA9-48B6-B2BF-8AE1DF6620B9}.Debug|Any CPU.ActiveCfg = Debug|Any CPU
		{31F79284-8DA9-48B6-B2BF-8AE1DF6620B9}.Debug|Any CPU.Build.0 = Debug|Any CPU
		{31F79284-8DA9-48B6-B2BF-8AE1DF6620B9}.Release|Any CPU.ActiveCfg = Release|Any CPU
		{31F79284-8DA9-48B6-B2BF-8AE1DF6620B9}.Release|Any CPU.Build.0 = Release|Any CPU
		{276EB873-AFCA-4AAA-B16A-286C5CAE1AE8}.Debug|Any CPU.ActiveCfg = Debug|Any CPU
		{276EB873-AFCA-4AAA-B16A-286C5CAE1AE8}.Debug|Any CPU.Build.0 = Debug|Any CPU
		{276EB873-AFCA-4AAA-B16A-286C5CAE1AE8}.Release|Any CPU.ActiveCfg = Release|Any CPU
		{276EB873-AFCA-4AAA-B16A-286C5CAE1AE8}.Release|Any CPU.Build.0 = Release|Any CPU
	EndGlobalSection
	GlobalSection(SolutionProperties) = preSolution
		HideSolutionNode = FALSE
	EndGlobalSection
EndGlobal
